
Microsoft Visual Studio Solution File, Format Version 12.00
# Visual Studio Version 16
VisualStudioVersion = 16.0.29503.13
MinimumVisualStudioVersion = 10.0.40219.1
Project("{FAE04EC0-301F-11D3-BF4B-00C04F79EFBC}") = "Server", "Server\Server.csproj", "{9DF74394-8623-4A14-B2CE-6489E7618068}"
EndProject
Project("{9A19103F-16F7-4668-BE54-9A1E7A4F7556}") = "ClassLibrary2", "ClassLibrary2\ClassLibrary2.csproj", "{8484F8C7-DF8F-407C-B2CE-847BFDBC9AB9}"
EndProject
Project("{FAE04EC0-301F-11D3-BF4B-00C04F79EFBC}") = "UnitTestProject1", "UnitTestProject1\UnitTestProject1.csproj", "{58DCEB57-D9FB-4456-B34F-E3D4E8FC1D99}"
EndProject
Project("{8BC9CEB8-8B4A-11D0-8D11-00A0C91BC942}") = "Client", "Client\Client.vcxproj", "{18774409-8D75-4228-888B-4AC71B3323ED}"
EndProject
Project("{FAE04EC0-301F-11D3-BF4B-00C04F79EFBC}") = "test", "test\test.csproj", "{909AD063-E5E5-42DA-B8EC-C5FA105FE7C1}"
EndProject
Project("{FAE04EC0-301F-11D3-BF4B-00C04F79EFBC}") = "BMP", "BMP\BMP.csproj", "{1FDA24B6-9F77-48A4-92F9-92DDA498C86D}"
EndProject
Global
	GlobalSection(SolutionConfigurationPlatforms) = preSolution
		Debug|Any CPU = Debug|Any CPU
		Debug|x64 = Debug|x64
		Debug|x86 = Debug|x86
		Release|Any CPU = Release|Any CPU
		Release|x64 = Release|x64
		Release|x86 = Release|x86
	EndGlobalSection
	GlobalSection(ProjectConfigurationPlatforms) = postSolution
		{9DF74394-8623-4A14-B2CE-6489E7618068}.Debug|Any CPU.ActiveCfg = Debug|Any CPU
		{9DF74394-8623-4A14-B2CE-6489E7618068}.Debug|Any CPU.Build.0 = Debug|Any CPU
		{9DF74394-8623-4A14-B2CE-6489E7618068}.Debug|x64.ActiveCfg = Debug|Any CPU
		{9DF74394-8623-4A14-B2CE-6489E7618068}.Debug|x64.Build.0 = Debug|Any CPU
		{9DF74394-8623-4A14-B2CE-6489E7618068}.Debug|x86.ActiveCfg = Debug|Any CPU
		{9DF74394-8623-4A14-B2CE-6489E7618068}.Debug|x86.Build.0 = Debug|Any CPU
		{9DF74394-8623-4A14-B2CE-6489E7618068}.Release|Any CPU.ActiveCfg = Release|Any CPU
		{9DF74394-8623-4A14-B2CE-6489E7618068}.Release|Any CPU.Build.0 = Release|Any CPU
		{9DF74394-8623-4A14-B2CE-6489E7618068}.Release|x64.ActiveCfg = Release|Any CPU
		{9DF74394-8623-4A14-B2CE-6489E7618068}.Release|x64.Build.0 = Release|Any CPU
		{9DF74394-8623-4A14-B2CE-6489E7618068}.Release|x86.ActiveCfg = Release|Any CPU
		{9DF74394-8623-4A14-B2CE-6489E7618068}.Release|x86.Build.0 = Release|Any CPU
		{8484F8C7-DF8F-407C-B2CE-847BFDBC9AB9}.Debug|Any CPU.ActiveCfg = Debug|Any CPU
		{8484F8C7-DF8F-407C-B2CE-847BFDBC9AB9}.Debug|Any CPU.Build.0 = Debug|Any CPU
		{8484F8C7-DF8F-407C-B2CE-847BFDBC9AB9}.Debug|x64.ActiveCfg = Debug|Any CPU
		{8484F8C7-DF8F-407C-B2CE-847BFDBC9AB9}.Debug|x64.Build.0 = Debug|Any CPU
		{8484F8C7-DF8F-407C-B2CE-847BFDBC9AB9}.Debug|x86.ActiveCfg = Debug|Any CPU
		{8484F8C7-DF8F-407C-B2CE-847BFDBC9AB9}.Debug|x86.Build.0 = Debug|Any CPU
		{8484F8C7-DF8F-407C-B2CE-847BFDBC9AB9}.Release|Any CPU.ActiveCfg = Release|Any CPU
		{8484F8C7-DF8F-407C-B2CE-847BFDBC9AB9}.Release|Any CPU.Build.0 = Release|Any CPU
		{8484F8C7-DF8F-407C-B2CE-847BFDBC9AB9}.Release|x64.ActiveCfg = Release|Any CPU
		{8484F8C7-DF8F-407C-B2CE-847BFDBC9AB9}.Release|x64.Build.0 = Release|Any CPU
		{8484F8C7-DF8F-407C-B2CE-847BFDBC9AB9}.Release|x86.ActiveCfg = Release|Any CPU
		{8484F8C7-DF8F-407C-B2CE-847BFDBC9AB9}.Release|x86.Build.0 = Release|Any CPU
		{58DCEB57-D9FB-4456-B34F-E3D4E8FC1D99}.Debug|Any CPU.ActiveCfg = Debug|Any CPU
		{58DCEB57-D9FB-4456-B34F-E3D4E8FC1D99}.Debug|Any CPU.Build.0 = Debug|Any CPU
		{58DCEB57-D9FB-4456-B34F-E3D4E8FC1D99}.Debug|x64.ActiveCfg = Debug|Any CPU
		{58DCEB57-D9FB-4456-B34F-E3D4E8FC1D99}.Debug|x64.Build.0 = Debug|Any CPU
		{58DCEB57-D9FB-4456-B34F-E3D4E8FC1D99}.Debug|x86.ActiveCfg = Debug|Any CPU
		{58DCEB57-D9FB-4456-B34F-E3D4E8FC1D99}.Debug|x86.Build.0 = Debug|Any CPU
		{58DCEB57-D9FB-4456-B34F-E3D4E8FC1D99}.Release|Any CPU.ActiveCfg = Release|Any CPU
		{58DCEB57-D9FB-4456-B34F-E3D4E8FC1D99}.Release|Any CPU.Build.0 = Release|Any CPU
		{58DCEB57-D9FB-4456-B34F-E3D4E8FC1D99}.Release|x64.ActiveCfg = Release|Any CPU
		{58DCEB57-D9FB-4456-B34F-E3D4E8FC1D99}.Release|x64.Build.0 = Release|Any CPU
		{58DCEB57-D9FB-4456-B34F-E3D4E8FC1D99}.Release|x86.ActiveCfg = Release|Any CPU
		{58DCEB57-D9FB-4456-B34F-E3D4E8FC1D99}.Release|x86.Build.0 = Release|Any CPU
		{18774409-8D75-4228-888B-4AC71B3323ED}.Debug|Any CPU.ActiveCfg = Debug|Win32
		{18774409-8D75-4228-888B-4AC71B3323ED}.Debug|x64.ActiveCfg = Debug|x64
		{18774409-8D75-4228-888B-4AC71B3323ED}.Debug|x64.Build.0 = Debug|x64
		{18774409-8D75-4228-888B-4AC71B3323ED}.Debug|x86.ActiveCfg = Debug|Win32
		{18774409-8D75-4228-888B-4AC71B3323ED}.Debug|x86.Build.0 = Debug|Win32
		{18774409-8D75-4228-888B-4AC71B3323ED}.Release|Any CPU.ActiveCfg = Release|Win32
		{18774409-8D75-4228-888B-4AC71B3323ED}.Release|x64.ActiveCfg = Release|x64
		{18774409-8D75-4228-888B-4AC71B3323ED}.Release|x64.Build.0 = Release|x64
		{18774409-8D75-4228-888B-4AC71B3323ED}.Release|x86.ActiveCfg = Release|Win32
		{18774409-8D75-4228-888B-4AC71B3323ED}.Release|x86.Build.0 = Release|Win32
		{909AD063-E5E5-42DA-B8EC-C5FA105FE7C1}.Debug|Any CPU.ActiveCfg = Debug|Any CPU
		{909AD063-E5E5-42DA-B8EC-C5FA105FE7C1}.Debug|Any CPU.Build.0 = Debug|Any CPU
		{909AD063-E5E5-42DA-B8EC-C5FA105FE7C1}.Debug|x64.ActiveCfg = Debug|Any CPU
		{909AD063-E5E5-42DA-B8EC-C5FA105FE7C1}.Debug|x64.Build.0 = Debug|Any CPU
		{909AD063-E5E5-42DA-B8EC-C5FA105FE7C1}.Debug|x86.ActiveCfg = Debug|Any CPU
		{909AD063-E5E5-42DA-B8EC-C5FA105FE7C1}.Debug|x86.Build.0 = Debug|Any CPU
		{909AD063-E5E5-42DA-B8EC-C5FA105FE7C1}.Release|Any CPU.ActiveCfg = Release|Any CPU
		{909AD063-E5E5-42DA-B8EC-C5FA105FE7C1}.Release|Any CPU.Build.0 = Release|Any CPU
		{909AD063-E5E5-42DA-B8EC-C5FA105FE7C1}.Release|x64.ActiveCfg = Release|Any CPU
		{909AD063-E5E5-42DA-B8EC-C5FA105FE7C1}.Release|x64.Build.0 = Release|Any CPU
		{909AD063-E5E5-42DA-B8EC-C5FA105FE7C1}.Release|x86.ActiveCfg = Release|Any CPU
		{909AD063-E5E5-42DA-B8EC-C5FA105FE7C1}.Release|x86.Build.0 = Release|Any CPU
		{1FDA24B6-9F77-48A4-92F9-92DDA498C86D}.Debug|Any CPU.ActiveCfg = Debug|Any CPU
		{1FDA24B6-9F77-48A4-92F9-92DDA498C86D}.Debug|Any CPU.Build.0 = Debug|Any CPU
		{1FDA24B6-9F77-48A4-92F9-92DDA498C86D}.Debug|x64.ActiveCfg = Debug|Any CPU
		{1FDA24B6-9F77-48A4-92F9-92DDA498C86D}.Debug|x64.Build.0 = Debug|Any CPU
		{1FDA24B6-9F77-48A4-92F9-92DDA498C86D}.Debug|x86.ActiveCfg = Debug|Any CPU
		{1FDA24B6-9F77-48A4-92F9-92DDA498C86D}.Debug|x86.Build.0 = Debug|Any CPU
		{1FDA24B6-9F77-48A4-92F9-92DDA498C86D}.Release|Any CPU.ActiveCfg = Release|Any CPU
		{1FDA24B6-9F77-48A4-92F9-92DDA498C86D}.Release|Any CPU.Build.0 = Release|Any CPU
		{1FDA24B6-9F77-48A4-92F9-92DDA498C86D}.Release|x64.ActiveCfg = Release|Any CPU
		{1FDA24B6-9F77-48A4-92F9-92DDA498C86D}.Release|x64.Build.0 = Release|Any CPU
		{1FDA24B6-9F77-48A4-92F9-92DDA498C86D}.Release|x86.ActiveCfg = Release|Any CPU
		{1FDA24B6-9F77-48A4-92F9-92DDA498C86D}.Release|x86.Build.0 = Release|Any CPU
	EndGlobalSection
	GlobalSection(SolutionProperties) = preSolution
		HideSolutionNode = FALSE
	EndGlobalSection
	GlobalSection(ExtensibilityGlobals) = postSolution
		SolutionGuid = {D5F4F640-DAA2-4906-B485-439883C0BA37}
	EndGlobalSection
EndGlobal
